<Solution>
  <Folder Name="/SpiderCore/">
    <Project Path="SpiderCore/SpiderCore.Common/SpiderCore.Common.shproj" />
  </Folder>
  <Project Path="FishPondDye/FishPondDye.csproj" />
  <Project Path="NoRedecoratingPlease/NoRedecoratingPlease.csproj" />
  <Project Path="StardewModTemplate/StardewModTemplate.csproj" />
  <Project Path="TheInfinityTones/TheInfinityTones.csproj" />
  <Project Path="ThePhoneIsRinging/ThePhoneIsRinging.csproj" />
  <Project Path="UnlimitedChestColours/UnlimitedChestColours.csproj" />
</Solution>